version = 1
revision = 3
requires-python = "==3.12.*"
resolution-markers = [
    "platform_machine == 'x86_64' and sys_platform == 'linux'",
]
supported-markers = [
    "platform_machine == 'x86_64' and sys_platform == 'linux'",
]

[[package]]
name = "accelerate"
version = "1.14.0"
source = { registry = "https://pypi.org/simple" }
dependencies = [
    { name = "huggingface-hub" },
    { name = "numpy" },
    { name = "packaging" },
    { name = "psutil" },
    { name = "pyyaml" },
    { name = "safetensors" },
    { name = "torch" },
]
sdist = { url = "https://files.pythonhosted.org/packages/8d/75/94cd5d389649578aca399e5aa822637eec18319a1dadc400ffe2f9a7493f/accelerate-1.14.0.tar.gz", hash = "sha256:41b9c4377a54e0b460a959b0defa1b736e4ca0a2373252d9a539964c2afe3c8d", size = 412167, upload-time = "2026-06-11T13:45:52.326Z" }
wheels = [
    { url = "https://files.pythonhosted.org/packages/a8/db/253133d7e7cb40d3af384bb2f5c0b4a2b7fdcffbc95c688cc67a20a3c103/accelerate-1.14.0-py3-none-any.whl", hash = "sha256:e94390c2863b873be18f623f9df48a0d8fe5eff13ea7f1a00092b0a7904888c6", size = 389246, upload-time = "2026-06-11T13:45:50.477Z" },
]

[[package]]
name = "annotated-doc"
version = "0.0.5"
source = { registry = "https://pypi.org/simple" }
sdist = { url = "https://files.pythonhosted.org/packages/5a/8e/38aa427ed5402449e226975b649c5dc73ccadfefeb95e6aecb8f8ea4b6b6/annotated_doc-0.0.5.tar.gz", hash = "sha256:c7e58ce09192557605d8bbd92836d7e1d520ac9580096042c0bfd197efacf1bb", size = 10758, upload-time = "2026-07-28T13:50:58.129Z" }
wheels = [
    { url = "https://files.pythonhosted.org/packages/3e/30/e900b21425a860e195f32e37657aa1f7c7f2b1bfb26f03ca209b90933c06/annotated_doc-0.0.5-py3-none-any.whl", hash = "sha256:117bac03a25ede5df5440e855b32d556049ca169ead221505badf432fed4b101", size = 5302, upload-time = "2026-07-28T13:50:57.239Z" },
]

[[package]]
name = "anyio"
version = "4.14.2"
source = { registry = "https://pypi.org/simple" }
dependencies = [
    { name = "idna" },
    { name = "typing-extensions" },
]
sdist = { url = "https://files.pythonhosted.org/packages/61/cc/a381afa6efea9f496eff839d4a6a1aed3bfafc7b3ab4b0d1b243a12573dd/anyio-4.14.2.tar.gz", hash = "sha256:cfa139f3ed1a23ee8f88a145ddb5ac7605b8bbfd8592baacd7ce3d8bb4313c7f", size = 260176, upload-time = "2026-07-12T20:29:07.082Z" }
wheels = [
    { url = "https://files.pythonhosted.org/packages/da/35/f2287558c17e29fafc8ef3daf819bb9834061cfa43bff8014f7df7f63bdc/anyio-4.14.2-py3-none-any.whl", hash = "sha256:9f505dda5ac9f0c8309b5e8bd445a8c2bf7246f3ce950121e45ea15bc41d1494", size = 125813, upload-time = "2026-07-12T20:29:05.763Z" },
]

[[package]]
name = "certifi"
version = "2026.7.22"
source = { registry = "https://pypi.org/simple" }
sdist = { url = "https://files.pythonhosted.org/packages/a3/c2/24167ea9858356b47a87a50d39908bfdb72ceeefe0041586e704e5376b3a/certifi-2026.7.22.tar.gz", hash = "sha256:741e2c3b351ddf169a738da9f2c048608ff7f2c5cc02f1ebc6b118bb090d5d55", size = 138112, upload-time = "2026-07-22T03:35:12.644Z" }
wheels = [
    { url = "https://files.pythonhosted.org/packages/0b/a7/71ac2cff56fec219ed242bb11b8efb69fcc4bec75db06fb7bfe35de520e6/certifi-2026.7.22-py3-none-any.whl", hash = "sha256:62f22742b58a1a33014a2b6b706588a8d7e2a88ae7bd1a6ebe8c992928483775", size = 136983, upload-time = "2026-07-22T03:35:11.276Z" },
]

[[package]]
name = "click"
version = "8.5.0"
source = { registry = "https://pypi.org/simple" }
sdist = { url = "https://files.pythonhosted.org/packages/c7/0e/7fa0ef50764b67090eca4114772a2abf8b6148198475e54c660b97caeee6/click-8.5.0.tar.gz", hash = "sha256:ba0d2089de75ea0310e2dde03160e6ca10009947fb95a182f9b54021bb272e34", size = 382235, upload-time = "2026-08-26T13:33:14.56Z" }
wheels = [
    { url = "https://files.pythonhosted.org/packages/58/50/6c0d534c5f134586a8e1ba4e330569e32f057e33372ae556463212fb4cd3/click-8.5.0-py3-none-any.whl", hash = "sha256:255bc9599cf7748b4b1a446ccc735421bd08a2ae529a8b88597d3de5664ee360", size = 125251, upload-time = "2026-08-26T13:33:12.928Z" },
]

[[package]]
name = "filelock"
version = "3.32.5"
source = { registry = "https://pypi.org/simple" }
sdist = { url = "https://files.pythonhosted.org/packages/0a/a0/50c2c0ce5e74d7721bbb1b19a26ebd339aac5878553a6e35308c2f31f935/filelock-3.32.5.tar.gz", hash = "sha256:f6a6a28f743f9b95ce19db5abe0f376f75eb56517dff21e1a4751e2657d3e83d", size = 222838, upload-time = "2026-08-31T18:56:34.729Z" }
wheels = [
    { url = "https://files.pythonhosted.org/packages/36/d2/b70a31e13d04456d28493f31d2aa087e99eeb2767ef0293b2625727ccb8c/filelock-3.32.5-py3-none-any.whl", hash = "sha256:142cd9fa77a872c5e78c62329a0d15278fadc686eb89e760017968961a4fd6b2", size = 100003, upload-time = "2026-08-31T18:56:33.078Z" },
]

[[package]]
name = "fsspec"
version = "2026.7.0"
source = { registry = "https://pypi.org/simple" }
sdist = { url = "https://files.pythonhosted.org/packages/00/78/f34251dadb8f3921264a1d9b8946f5e542014ee2614b285261b4e40e6775/fsspec-2026.7.0.tar.gz", hash = "sha256:c803c40f4cf860b49dea58ee3e1c33cb9c790520e233537e1340049f89b82a88", size = 317040, upload-time = "2026-07-28T16:34:51.052Z" }
wheels = [
    { url = "https://files.pythonhosted.org/packages/fd/3c/6a2bf344106328fd04963664a60b9bb6496fc25df8e962fcdc1367285fb9/fsspec-2026.7.0-py3-none-any.whl", hash = "sha256:b57ddbafedfaef7018c1ecab32aa200a9d7ca26b77965f64e48b70061249d279", size = 206583, upload-time = "2026-07-28T16:34:49.538Z" },
]

[[package]]
name = "h11"
version = "0.16.0"
source = { registry = "https://pypi.org/simple" }
sdist = { url = "https://files.pythonhosted.org/packages/01/ee/02a2c011bdab74c6fb3c75474d40b3052059d95df7e73351460c8588d963/h11-0.16.0.tar.gz", hash = "sha256:4e35b956cf45792e4caa5885e69fba00bdbc6ffafbfa020300e549b208ee5ff1", size = 101250, upload-time = "2025-04-24T03:35:25.427Z" }
wheels = [
    { url = "https://files.pythonhosted.org/packages/04/4b/29cac41a4d98d144bf5f6d33995617b185d14b22401f75ca86f384e87ff1/h11-0.16.0-py3-none-any.whl", hash = "sha256:63cf8bbe7522de3bf65932fda1d9c2772064ffb3dae62d55932da54b31cb6c86", size = 37515, upload-time = "2025-04-24T03:35:24.344Z" },
]

[[package]]
name = "hf-xet"
version = "1.6.0"
source = { registry = "https://pypi.org/simple" }
sdist = { url = "https://files.pythonhosted.org/packages/1b/ab/522a2ab67f27971a9d48ca666d4fca85ef7d5282d142e31fd087e27b1bbe/hf_xet-1.6.0.tar.gz", hash = "sha256:2e58454a340b3556dfa4972d5451aff4fba8dd42a236600ba1a1d2b1514f0fef", size = 920527, upload-time = "2026-08-03T22:33:13.243Z" }
wheels = [
    { url = "https://files.pythonhosted.org/packages/67/4e/a28359bf1c1ecf11eba22123168c138698f7cb576ac678f5a2e16cd5da08/hf_xet-1.6.0-cp38-abi3-manylinux2014_x86_64.manylinux_2_17_x86_64.whl", hash = "sha256:d62671bb130879cef0ee4c9ebe47a14af6c66ec53e6d84dc15936e5ffdfac82f", size = 4464663, upload-time = "2026-08-03T22:33:03.802Z" },
    { url = "https://files.pythonhosted.org/packages/ab/5f/311725e2a905534dfee2dcb5b08414f249147f1f12252bfc2bd24caa075c/hf_xet-1.6.0-cp38-abi3-musllinux_1_2_x86_64.whl", hash = "sha256:8fb4f71cba6129110c3374a33f919001ff130488fc23553698e34cc1c2a1198c", size = 4675937, upload-time = "2026-08-03T22:33:08.616Z" },
]

[[package]]
name = "httpcore"
version = "1.0.9"
source = { registry = "https://pypi.org/simple" }
dependencies = [
    { name = "certifi" },
    { name = "h11" },
]
sdist = { url = "https://files.pythonhosted.org/packages/06/94/82699a10bca87a5556c9c59b5963f2d039dbd239f25bc2a63907a05a14cb/httpcore-1.0.9.tar.gz", hash = "sha256:6e34463af53fd2ab5d807f399a9b45ea31c3dfa2276f15a2c3f00afff6e176e8", size = 85484, upload-time = "2025-04-24T22:06:22.219Z" }
wheels = [
    { url = "https://files.pythonhosted.org/packages/7e/f5/f66802a942d491edb555dd61e3a9961140fd64c90bce1eafd741609d334d/httpcore-1.0.9-py3-none-any.whl", hash = "sha256:2d400746a40668fc9dec9810239072b40b4484b640a8c38fd654a024c7a1bf55", size = 78784, upload-time = "2025-04-24T22:06:20.566Z" },
]

[[package]]
name = "httpx"
version = "0.28.1"
source = { registry = "https://pypi.org/simple" }
dependencies = [
    { name = "anyio" },
    { name = "certifi" },
    { name = "httpcore" },
    { name = "idna" },
]
sdist = { url = "https://files.pythonhosted.org/packages/b1/df/48c586a5fe32a0f01324ee087459e112ebb7224f646c0b5023f5e79e9956/httpx-0.28.1.tar.gz", hash = "sha256:75e98c5f16b0f35b567856f597f06ff2270a374470a5c2392242528e3e3e42fc", size = 141406, upload-time = "2024-12-06T15:37:23.222Z" }
wheels = [
    { url = "https://files.pythonhosted.org/packages/2a/39/e50c7c3a983047577ee07d2a9e53faf5a69493943ec3f6a384bdc792deb2/httpx-0.28.1-py3-none-any.whl", hash = "sha256:d909fcccc110f8c7faf814ca82a9a4d816bc5a6dbfea25d6591d6985b8ba59ad", size = 73517, upload-time = "2024-12-06T15:37:21.509Z" },
]

[[package]]
name = "huggingface-hub"
version = "1.30.0"
source = { registry = "https://pypi.org/simple" }
dependencies = [
    { name = "click" },
    { name = "filelock" },
    { name = "fsspec" },
    { name = "hf-xet" },
    { name = "httpx" },
    { name = "packaging" },
    { name = "pyyaml" },
    { name = "tqdm" },
    { name = "typing-extensions" },
]
sdist = { url = "https://files.pythonhosted.org/packages/35/97/2eb4abaa5b969ed385066a0496a3823b3ff467fc1082e2202955f1867d60/huggingface_hub-1.30.0.tar.gz", hash = "sha256:e6a6120bc8c8e2723d03648434ee247088cceb55ba7067e7d34d692cad5fdb57", size = 964291, upload-time = "2026-09-03T10:05:14.053Z" }
wheels = [
    { url = "https://files.pythonhosted.org/packages/c3/0e/3e45bbe0dd48f4e56b1d46649d342de853cd1c7e815323472ab62687f153/huggingface_hub-1.30.0-py3-none-any.whl", hash = "sha256:96ae0a8e99a234374a6fe43e989ebd21c04640b91ab2927e7e5773ba1131ca59", size = 796795, upload-time = "2026-09-03T10:05:12.21Z" },
]

[[package]]
name = "idna"
version = "3.18"
source = { registry = "https://pypi.org/simple" }
sdist = { url = "https://files.pythonhosted.org/packages/cd/63/9496c57188a2ee585e0f1db071d75089a11e98aa86eb99d9d7618fc1edce/idna-3.18.tar.gz", hash = "sha256:ffb385a7e039654cef1ab9ef32c6fafe283c0c0467bba1d9029738ce4a14a848", size = 196711, upload-time = "2026-06-02T14:34:07.794Z" }
wheels = [
    { url = "https://files.pythonhosted.org/packages/1e/5e/d4e9f1a599fb8e573b7b87160658329fbf28d19eac2718f51fc3def3aa5a/idna-3.18-py3-none-any.whl", hash = "sha256:7f952cbe720b688055e3f87de14f5c3e5fdaa8bc3928985c4077ca689de849a2", size = 65455, upload-time = "2026-06-02T14:34:06.319Z" },
]

[[package]]
name = "jinja2"
version = "3.1.6"
source = { registry = "https://pypi.org/simple" }
dependencies = [
    { name = "markupsafe" },
]
sdist = { url = "https://files.pythonhosted.org/packages/df/bf/f7da0350254c0ed7c72f3e33cef02e048281fec7ecec5f032d4aac52226b/jinja2-3.1.6.tar.gz", hash = "sha256:0137fb05990d35f1275a587e9aee6d56da821fc83491a0fb838183be43f66d6d", size = 245115, upload-time = "2025-03-05T20:05:02.478Z" }
wheels = [
    { url = "https://files.pythonhosted.org/packages/62/a1/3d680cbfd5f4b8f15abc1d571870c5fc3e594bb582bc3b64ea099db13e56/jinja2-3.1.6-py3-none-any.whl", hash = "sha256:85ece4451f492d0c13c5dd7c13a64681a86afae63a5f347908daf103ce6d2f67", size = 134899, upload-time = "2025-03-05T20:05:00.369Z" },
]

[[package]]
name = "markdown-it-py"
version = "4.2.0"
source = { registry = "https://pypi.org/simple" }
dependencies = [
    { name = "mdurl" },
]
sdist = { url = "https://files.pythonhosted.org/packages/06/ff/7841249c247aa650a76b9ee4bbaeae59370dc8bfd2f6c01f3630c35eb134/markdown_it_py-4.2.0.tar.gz", hash = "sha256:04a21681d6fbb623de53f6f364d352309d4094dd4194040a10fd51833e418d49", size = 82454, upload-time = "2026-05-07T12:08:28.36Z" }
wheels = [
    { url = "https://files.pythonhosted.org/packages/b3/81/4da04ced5a082363ecfa159c010d200ecbd959ae410c10c0264a38cac0f5/markdown_it_py-4.2.0-py3-none-any.whl", hash = "sha256:9f7ebbcd14fe59494226453aed97c1070d83f8d24b6fc3a3bcf9a38092641c4a", size = 91687, upload-time = "2026-05-07T12:08:27.182Z" },
]

[[package]]
name = "markupsafe"
version = "3.0.3"
source = { registry = "https://pypi.org/simple" }
sdist = { url = "https://files.pythonhosted.org/packages/7e/99/7690b6d4034fffd95959cbe0c02de8deb3098cc577c67bb6a24fe5d7caa7/markupsafe-3.0.3.tar.gz", hash = "sha256:722695808f4b6457b320fdc131280796bdceb04ab50fe1795cd540799ebe1698", size = 80313, upload-time = "2025-09-27T18:37:40.426Z" }
wheels = [
    { url = "https://files.pythonhosted.org/packages/3c/2e/8d0c2ab90a8c1d9a24f0399058ab8519a3279d1bd4289511d74e909f060e/markupsafe-3.0.3-cp312-cp312-manylinux2014_x86_64.manylinux_2_17_x86_64.manylinux_2_28_x86_64.whl", hash = "sha256:d6dd0be5b5b189d31db7cda48b91d7e0a9795f31430b7f271219ab30f1d3ac9d", size = 22947, upload-time = "2025-09-27T18:36:33.86Z" },
    { url = "https://files.pythonhosted.org/packages/89/e0/4486f11e51bbba8b0c041098859e869e304d1c261e59244baa3d295d47b7/markupsafe-3.0.3-cp312-cp312-musllinux_1_2_x86_64.whl", hash = "sha256:77f0643abe7495da77fb436f50f8dab76dbc6e5fd25d39589a0f1fe6548bfa2b", size = 23015, upload-time = "2025-09-27T18:36:37.868Z" },
]

[[package]]
name = "mdurl"
version = "0.1.2"
source = { registry = "https://pypi.org/simple" }
sdist = { url = "https://files.pythonhosted.org/packages/d6/54/cfe61301667036ec958cb99bd3efefba235e65cdeb9c84d24a8293ba1d90/mdurl-0.1.2.tar.gz", hash = "sha256:bb413d29f5eea38f31dd4754dd7377d4465116fb207585f97bf925588687c1ba", size = 8729, upload-time = "2022-08-14T12:40:10.846Z" }
wheels = [
    { url = "https://files.pythonhosted.org/packages/b3/38/89ba8ad64ae25be8de66a6d463314cf1eb366222074cfda9ee839c56a4b4/mdurl-0.1.2-py3-none-any.whl", hash = "sha256:84008a41e51615a49fc9966191ff91509e3c40b939176e643fd50a5c2196b8f8", size = 9979, upload-time = "2022-08-14T12:40:09.779Z" },
]

[[package]]
name = "mpmath"
version = "1.3.0"
source = { registry = "https://pypi.org/simple" }
sdist = { url = "https://files.pythonhosted.org/packages/e0/47/dd32fa426cc72114383ac549964eecb20ecfd886d1e5ccf5340b55b02f57/mpmath-1.3.0.tar.gz", hash = "sha256:7a28eb2a9774d00c7bc92411c19a89209d5da7c4c9a9e227be8330a23a25b91f", size = 508106, upload-time = "2023-03-07T16:47:11.061Z" }
wheels = [
    { url = "https://files.pythonhosted.org/packages/43/e3/7d92a15f894aa0c9c4b49b8ee9ac9850d6e63b03c9c32c0367a13ae62209/mpmath-1.3.0-py3-none-any.whl", hash = "sha256:a0b2b9fe80bbcd81a6647ff13108738cfb482d481d826cc0e02f5b35e5c88d2c", size = 536198, upload-time = "2023-03-07T16:47:09.197Z" },
]

[[package]]
name = "networkx"
version = "3.6.1"
source = { registry = "https://pypi.org/simple" }
sdist = { url = "https://files.pythonhosted.org/packages/6a/51/63fe664f3908c97be9d2e4f1158eb633317598cfa6e1fc14af5383f17512/networkx-3.6.1.tar.gz", hash = "sha256:26b7c357accc0c8cde558ad486283728b65b6a95d85ee1cd66bafab4c8168509", size = 2517025, upload-time = "2025-12-08T17:02:39.908Z" }
wheels = [
    { url = "https://files.pythonhosted.org/packages/9e/c9/b2622292ea83fbb4ec318f5b9ab867d0a28ab43c5717bb85b0a5f6b3b0a4/networkx-3.6.1-py3-none-any.whl", hash = "sha256:d47fbf302e7d9cbbb9e2555a0d267983d2aa476bac30e90dfbe5669bd57f3762", size = 2068504, upload-time = "2025-12-08T17:02:38.159Z" },
]

[[package]]
name = "numpy"
version = "1.26.4"
source = { registry = "https://pypi.org/simple" }
sdist = { url = "https://files.pythonhosted.org/packages/65/6e/09db70a523a96d25e115e71cc56a6f9031e7b8cd166c1ac8438307c14058/numpy-1.26.4.tar.gz", hash = "sha256:2a02aba9ed12e4ac4eb3ea9421c420301a0c6460d9830d74a9df87efa4912010", size = 15786129, upload-time = "2024-02-06T00:26:44.495Z" }
wheels = [
    { url = "https://files.pythonhosted.org/packages/0f/50/de23fde84e45f5c4fda2488c759b69990fd4512387a8632860f3ac9cd225/numpy-1.26.4-cp312-cp312-manylinux_2_17_x86_64.manylinux2014_x86_64.whl", hash = "sha256:675d61ffbfa78604709862923189bad94014bef562cc35cf61d3a07bba02a7ed", size = 17950613, upload-time = "2024-02-05T23:56:56.054Z" },
    { url = "https://files.pythonhosted.org/packages/76/8c/2ba3902e1a0fc1c74962ea9bb33a534bb05984ad7ff9515bf8d07527cadd/numpy-1.26.4-cp312-cp312-musllinux_1_1_x86_64.whl", hash = "sha256:1dda2e7b4ec9dd512f84935c5f126c8bd8b9f2fc001e9f54af255e8c5f16b0e0", size = 17786643, upload-time = "2024-02-05T23:57:56.585Z" },
]

[[package]]
name = "packaging"
version = "26.2"
source = { registry = "https://pypi.org/simple" }
sdist = { url = "https://files.pythonhosted.org/packages/d7/f1/e7a6dd94a8d4a5626c03e4e99c87f241ba9e350cd9e6d75123f992427270/packaging-26.2.tar.gz", hash = "sha256:ff452ff5a3e828ce110190feff1178bb1f2ea2281fa2075aadb987c2fb221661", size = 228134, upload-time = "2026-04-24T20:15:23.917Z" }
wheels = [
    { url = "https://files.pythonhosted.org/packages/df/b2/87e62e8c3e2f4b32e5fe99e0b86d576da1312593b39f47d8ceef365e95ed/packaging-26.2-py3-none-any.whl", hash = "sha256:5fc45236b9446107ff2415ce77c807cee2862cb6fac22b8a73826d0693b0980e", size = 100195, upload-time = "2026-04-24T20:15:22.081Z" },
]

[[package]]
name = "pillow"
version = "12.3.0"
source = { registry = "https://pypi.org/simple" }
sdist = { url = "https://files.pythonhosted.org/packages/1c/3d/bb7fca845737cf9d7dbde16ed1843984665ff2e0a518f5db43e77ec540b9/pillow-12.3.0.tar.gz", hash = "sha256:3b8182a766685eaa002637e28b4ec8d6b18819a0c71f579bf0dbaa5830297cce", size = 47025035, upload-time = "2026-07-01T11:56:38.965Z" }
wheels = [
    { url = "https://files.pythonhosted.org/packages/84/21/a35af28dcc61f37ed850a2d64c65c701321dfbf25085e469d5559360cbbf/pillow-12.3.0-cp312-cp312-manylinux_2_27_x86_64.manylinux_2_28_x86_64.whl", hash = "sha256:78cb2c6865a35ab8ff8b75fd122f6033b92a62c82801110e48ddd6c936a45d91", size = 6940830, upload-time = "2026-07-01T11:54:13.732Z" },
    { url = "https://files.pythonhosted.org/packages/1d/72/cf78ac9780bb93c28328f408973845a309d4d145041665f734572ced1b52/pillow-12.3.0-cp312-cp312-musllinux_1_2_x86_64.whl", hash = "sha256:0dd2064cbc55aaec028ef5fbb60fa47bb6c3e7918e07ff17935284b227a9d2df", size = 7052934, upload-time = "2026-07-01T11:54:17.721Z" },
]

[[package]]
name = "psutil"
version = "7.2.2"
source = { registry = "https://pypi.org/simple" }
sdist = { url = "https://files.pythonhosted.org/packages/aa/c6/d1ddf4abb55e93cebc4f2ed8b5d6dbad109ecb8d63748dd2b20ab5e57ebe/psutil-7.2.2.tar.gz", hash = "sha256:0746f5f8d406af344fd547f1c8daa5f5c33dbc293bb8d6a16d80b4bb88f59372", size = 493740, upload-time = "2026-01-28T18:14:54.428Z" }
wheels = [
    { url = "https://files.pythonhosted.org/packages/b5/70/5d8df3b09e25bce090399cf48e452d25c935ab72dad19406c77f4e828045/psutil-7.2.2-cp36-abi3-manylinux2010_x86_64.manylinux_2_12_x86_64.manylinux_2_28_x86_64.whl", hash = "sha256:076a2d2f923fd4821644f5ba89f059523da90dc9014e85f8e45a5774ca5bc6f9", size = 155560, upload-time = "2026-01-28T18:15:25.976Z" },
    { url = "https://files.pythonhosted.org/packages/04/78/0acd37ca84ce3ddffaa92ef0f571e073faa6d8ff1f0559ab1272188ea2be/psutil-7.2.2-cp36-abi3-musllinux_1_2_x86_64.whl", hash = "sha256:b58fabe35e80b264a4e3bb23e6b96f9e45a3df7fb7eed419ac0e5947c61e47cc", size = 148266, upload-time = "2026-01-28T18:15:31.597Z" },
]

[[package]]
name = "pygments"
version = "2.21.0"
source = { registry = "https://pypi.org/simple" }
sdist = { url = "https://files.pythonhosted.org/packages/49/2e/ced460408999b33da6b31b0021b0f37d329e202d4169aeb164493778f25b/pygments-2.21.0.tar.gz", hash = "sha256:610ca751c9bc2492b38eb9a38a7fbc93edbbb2d7182edaf34e66ae493dee5c8c", size = 5005329, upload-time = "2026-08-17T08:02:48.824Z" }
wheels = [
    { url = "https://files.pythonhosted.org/packages/71/46/17f022dd3e953bf20a04a028a21ec746d942f8d2af30fa0f124fa0e6a684/pygments-2.21.0-py3-none-any.whl", hash = "sha256:2363c69b61c4a97c838da3b130dcd6468f4848992b21a82f2a63ec34377137d9", size = 1250147, upload-time = "2026-08-17T08:02:44.912Z" },
]

[[package]]
name = "pytorch-triton-rocm"
version = "3.3.1"
source = { registry = "https://download.pytorch.org/whl/rocm6.3" }
dependencies = [
    { name = "setuptools" },
]
wheels = [
    { url = "https://download-r2.pytorch.org/whl/pytorch_triton_rocm-3.3.1-cp312-cp312-linux_x86_64.whl", hash = "sha256:977423eee5c542a3f8aa4f527aec1688c4d485f207089cb595a8e638fcc3888a", upload-time = "2025-06-03T22:26:30Z" },
]

[[package]]
name = "pyyaml"
version = "6.0.3"
source = { registry = "https://pypi.org/simple" }
sdist = { url = "https://files.pythonhosted.org/packages/05/8e/961c0007c59b8dd7729d542c61a4d537767a59645b82a0b521206e1e25c2/pyyaml-6.0.3.tar.gz", hash = "sha256:d76623373421df22fb4cf8817020cbb7ef15c725b9d5e45f17e189bfc384190f", size = 130960, upload-time = "2025-09-25T21:33:16.546Z" }
wheels = [
    { url = "https://files.pythonhosted.org/packages/8b/9d/b3589d3877982d4f2329302ef98a8026e7f4443c765c46cfecc8858c6b4b/pyyaml-6.0.3-cp312-cp312-manylinux2014_x86_64.manylinux_2_17_x86_64.manylinux_2_28_x86_64.whl", hash = "sha256:ba1cc08a7ccde2d2ec775841541641e4548226580ab850948cbfda66a1befcdc", size = 807870, upload-time = "2025-09-25T21:32:16.431Z" },
    { url = "https://files.pythonhosted.org/packages/be/8e/98435a21d1d4b46590d5459a22d88128103f8da4c2d4cb8f14f2a96504e1/pyyaml-6.0.3-cp312-cp312-musllinux_1_2_x86_64.whl", hash = "sha256:41715c910c881bc081f1e8872880d3c650acf13dfa8214bad49ed4cede7c34ea", size = 790181, upload-time = "2025-09-25T21:32:18.834Z" },
]

[[package]]
name = "regex"
version = "2026.9.3"
source = { registry = "https://pypi.org/simple" }
sdist = { url = "https://files.pythonhosted.org/packages/19/c1/6b30b775c7bcc6cf6506a4d4741c2123e8d99cd50f3fe8cbd731f5fef526/regex-2026.9.3.tar.gz", hash = "sha256:aabd43208e335f4c3f0b56de3464b066dd425983a58f6eeb5738bcd7465403db", size = 416720, upload-time = "2026-09-01T00:53:43.821Z" }
wheels = [
    { url = "https://files.pythonhosted.org/packages/4b/8b/9cc6d4123033f7cb82df6cd8ce19eb0fc18a964afe060a03c9b26757c9f3/regex-2026.9.3-cp312-cp312-manylinux2014_x86_64.manylinux_2_17_x86_64.manylinux_2_28_x86_64.whl", hash = "sha256:665207e41bacd435db001099eeab44103197c2c1a729d73ade74688a905ed4ce", size = 801965, upload-time = "2026-09-01T00:50:37.701Z" },
    { url = "https://files.pythonhosted.org/packages/21/ff/adb4e2d08afe8f4c6df004d94604257e1f72af7ba328af7715601585aba4/regex-2026.9.3-cp312-cp312-musllinux_1_2_x86_64.whl", hash = "sha256:56d8659c65166641d8f1b5efccc391c62c8a899eff4d528b981cc62b7b402a4b", size = 789761, upload-time = "2026-09-01T00:50:48.749Z" },
]

[[package]]
name = "rich"
version = "15.0.0"
source = { registry = "https://pypi.org/simple" }
dependencies = [
    { name = "markdown-it-py" },
    { name = "pygments" },
]
sdist = { url = "https://files.pythonhosted.org/packages/c0/8f/0722ca900cc807c13a6a0c696dacf35430f72e0ec571c4275d2371fca3e9/rich-15.0.0.tar.gz", hash = "sha256:edd07a4824c6b40189fb7ac9bc4c52536e9780fbbfbddf6f1e2502c31b068c36", size = 230680, upload-time = "2026-04-12T08:24:00.75Z" }
wheels = [
    { url = "https://files.pythonhosted.org/packages/82/3b/64d4899d73f91ba49a8c18a8ff3f0ea8f1c1d75481760df8c68ef5235bf5/rich-15.0.0-py3-none-any.whl", hash = "sha256:33bd4ef74232fb73fe9279a257718407f169c09b78a87ad3d296f548e27de0bb", size = 310654, upload-time = "2026-04-12T08:24:02.83Z" },
]

[[package]]
name = "saanseoi-harbour-ocr"
version = "0.0.0"
source = { virtual = "." }
dependencies = [
    { name = "accelerate" },
    { name = "pillow" },
    { name = "pytorch-triton-rocm" },
    { name = "torch" },
    { name = "torchvision" },
    { name = "transformers" },
]

[package.metadata]
requires-dist = [
    { name = "accelerate", specifier = "==1.14.0" },
    { name = "pillow", specifier = "==12.3.0" },
    { name = "pytorch-triton-rocm", specifier = "==3.3.1", index = "https://download.pytorch.org/whl/rocm6.3" },
    { name = "torch", specifier = "==2.7.1", index = "https://download.pytorch.org/whl/rocm6.3" },
    { name = "torchvision", specifier = "==0.22.1", index = "https://download.pytorch.org/whl/rocm6.3" },
    { name = "transformers", specifier = "==5.16.1" },
]

[[package]]
name = "safetensors"
version = "0.8.0"
source = { registry = "https://pypi.org/simple" }
sdist = { url = "https://files.pythonhosted.org/packages/45/06/f955dbbb1859e3bd23c8ac6141af5106e7ad5fedec4a3a6e3d60f94b7001/safetensors-0.8.0.tar.gz", hash = "sha256:fabaf3e0f18a6618d9b36560682562157f77c2b71fcffc7b432be2baed9d753d", size = 325846, upload-time = "2026-06-09T07:52:25.563Z" }
wheels = [
    { url = "https://files.pythonhosted.org/packages/28/50/f203ff3a3ddfe19308efc83c5a3a29ed02bf786732ec35e68bf9162f3365/safetensors-0.8.0-cp310-abi3-manylinux_2_17_x86_64.manylinux2014_x86_64.whl", hash = "sha256:fd6f3f93c9a0a7cc2788ee63fb763353d4bd2e89b0751bc78fcf7dda00bea774", size = 516040, upload-time = "2026-06-09T07:52:16.29Z" },
    { url = "https://files.pythonhosted.org/packages/27/43/41c1621732edd934d868a00d1b891584c892a7b62a9aab82ea5a0a5623ee/safetensors-0.8.0-cp310-abi3-musllinux_1_2_x86_64.whl", hash = "sha256:8e080062fcde23be189565e1c3305d16751a218ecf9412c8601e64204eb6f846", size = 722361, upload-time = "2026-06-09T07:52:23.924Z" },
]

[[package]]
name = "setuptools"
version = "80.10.2"
source = { registry = "https://pypi.org/simple" }
sdist = { url = "https://files.pythonhosted.org/packages/76/95/faf61eb8363f26aa7e1d762267a8d602a1b26d4f3a1e758e92cb3cb8b054/setuptools-80.10.2.tar.gz", hash = "sha256:8b0e9d10c784bf7d262c4e5ec5d4ec94127ce206e8738f29a437945fbc219b70", size = 1200343, upload-time = "2026-01-25T22:38:17.252Z" }
wheels = [
    { url = "https://files.pythonhosted.org/packages/94/b8/f1f62a5e3c0ad2ff1d189590bfa4c46b4f3b6e49cef6f26c6ee4e575394d/setuptools-80.10.2-py3-none-any.whl", hash = "sha256:95b30ddfb717250edb492926c92b5221f7ef3fbcc2b07579bcd4a27da21d0173", size = 1064234, upload-time = "2026-01-25T22:38:15.216Z" },
]

[[package]]
name = "shellingham"
version = "1.5.4"
source = { registry = "https://pypi.org/simple" }
sdist = { url = "https://files.pythonhosted.org/packages/58/15/8b3609fd3830ef7b27b655beb4b4e9c62313a4e8da8c676e142cc210d58e/shellingham-1.5.4.tar.gz", hash = "sha256:8dbca0739d487e5bd35ab3ca4b36e11c4078f3a234bfce294b0a0291363404de", size = 10310, upload-time = "2023-10-24T04:13:40.426Z" }
wheels = [
    { url = "https://files.pythonhosted.org/packages/e0/f9/0595336914c5619e5f28a1fb793285925a8cd4b432c9da0a987836c7f822/shellingham-1.5.4-py2.py3-none-any.whl", hash = "sha256:7ecfff8f2fd72616f7481040475a65b2bf8af90a56c89140852d1120324e8686", size = 9755, upload-time = "2023-10-24T04:13:38.866Z" },
]

[[package]]
name = "sympy"
version = "1.14.0"
source = { registry = "https://pypi.org/simple" }
dependencies = [
    { name = "mpmath" },
]
sdist = { url = "https://files.pythonhosted.org/packages/83/d3/803453b36afefb7c2bb238361cd4ae6125a569b4db67cd9e79846ba2d68c/sympy-1.14.0.tar.gz", hash = "sha256:d3d3fe8df1e5a0b42f0e7bdf50541697dbe7d23746e894990c030e2b05e72517", size = 7793921, upload-time = "2025-04-27T18:05:01.611Z" }
wheels = [
    { url = "https://files.pythonhosted.org/packages/a2/09/77d55d46fd61b4a135c444fc97158ef34a095e5681d0a6c10b75bf356191/sympy-1.14.0-py3-none-any.whl", hash = "sha256:e091cc3e99d2141a0ba2847328f5479b05d94a6635cb96148ccb3f34671bd8f5", size = 6299353, upload-time = "2025-04-27T18:04:59.103Z" },
]

[[package]]
name = "tokenizers"
version = "0.23.2"
source = { registry = "https://pypi.org/simple" }
dependencies = [
    { name = "huggingface-hub" },
]
sdist = { url = "https://files.pythonhosted.org/packages/18/1e/bc6587c5ab643b2e17776cace9070a2ae73549c86bffac9934a600bf3c31/tokenizers-0.23.2.tar.gz", hash = "sha256:7f0f085686b9de0d0079e6f874ae053600db64c5d13049e0bbc0119926d25aac", size = 385745, upload-time = "2026-09-03T08:55:42.89Z" }
wheels = [
    { url = "https://files.pythonhosted.org/packages/2c/ca/ca6b93c7820df123b2662a9469e8facc826ccc94e98fdd0d615f6431e73a/tokenizers-0.23.2-cp310-abi3-manylinux_2_17_x86_64.manylinux2014_x86_64.whl", hash = "sha256:41c2f84d172449b4dadb9cdc508e3e364076613c35b16e76ecfe47a60d1e3305", size = 3386843, upload-time = "2026-09-03T08:55:26.584Z" },
    { url = "https://files.pythonhosted.org/packages/b5/d8/8e9e4e0b287a338d8f88976729628c9d22e8a54cfaf9777018a7f7cb58a0/tokenizers-0.23.2-cp310-abi3-musllinux_1_2_x86_64.whl", hash = "sha256:5c56bda1511921587789163e524d196ed8284174ac23abd7685d5ea8da6c4718", size = 10256304, upload-time = "2026-09-03T08:55:40.977Z" },
]

[[package]]
name = "torch"
version = "2.7.1+rocm6.3"
source = { registry = "https://download.pytorch.org/whl/rocm6.3" }
dependencies = [
    { name = "filelock" },
    { name = "fsspec" },
    { name = "jinja2" },
    { name = "networkx" },
    { name = "pytorch-triton-rocm" },
    { name = "setuptools" },
    { name = "sympy" },
    { name = "typing-extensions" },
]
wheels = [
    { url = "https://download-r2.pytorch.org/whl/rocm6.3/torch-2.7.1%2Brocm6.3-cp312-cp312-manylinux_2_28_x86_64.whl", hash = "sha256:b0c10342f64a34998ae8d5084aa1beae7e11defa46a4e05fe9aa6f09ffb0db37", upload-time = "2025-06-03T18:34:52Z" },
]

[[package]]
name = "torchvision"
version = "0.22.1+rocm6.3"
source = { registry = "https://download.pytorch.org/whl/rocm6.3" }
dependencies = [
    { name = "numpy" },
    { name = "pillow" },
    { name = "torch" },
]
wheels = [
    { url = "https://download-r2.pytorch.org/whl/rocm6.3/torchvision-0.22.1%2Brocm6.3-cp312-cp312-manylinux_2_28_x86_64.whl", hash = "sha256:0dce205fb04d9eb2f6feb74faf17cba9180aff70a8c8ac084912ce41b2dc0ab7", upload-time = "2025-06-03T18:37:32Z" },
]

[[package]]
name = "tqdm"
version = "4.69.1"
source = { registry = "https://pypi.org/simple" }
sdist = { url = "https://files.pythonhosted.org/packages/dd/84/da0e5038228fa34dfd77c5026b173ed035d2a3ba31f1077590c013de2bff/tqdm-4.69.1.tar.gz", hash = "sha256:2be21080a0ce17e902c2f1baeb6a74bf551b67bbdfa4bc0109fad471d0b4cb0d", size = 793046, upload-time = "2026-07-24T14:22:02.08Z" }
wheels = [
    { url = "https://files.pythonhosted.org/packages/01/50/5817619a0fca56aff06383dbfde7ae017b3ca383915b3f1e4713164273cf/tqdm-4.69.1-py3-none-any.whl", hash = "sha256:0a654b96f7a2660cceb615b56f307ec2bef96c515409014a429a561981ab52b4", size = 675452, upload-time = "2026-07-24T14:22:00.048Z" },
]

[[package]]
name = "transformers"
version = "5.16.1"
source = { registry = "https://pypi.org/simple" }
dependencies = [
    { name = "huggingface-hub" },
    { name = "numpy" },
    { name = "packaging" },
    { name = "pyyaml" },
    { name = "regex" },
    { name = "safetensors" },
    { name = "tokenizers" },
    { name = "tqdm" },
    { name = "typer" },
]
sdist = { url = "https://files.pythonhosted.org/packages/ad/2e/ba418680ab901dae269360bb8642485eae04f1af91ee2ebb8bd6f3607305/transformers-5.16.1.tar.gz", hash = "sha256:17b0eac726ddc55e84ac58946063e0c6d37fd000c456b581f050ea0f4e822869", size = 9650542, upload-time = "2026-08-26T14:48:58.789Z" }
wheels = [
    { url = "https://files.pythonhosted.org/packages/0d/4d/ee3728674c0bbc637bb4af88ccf0be697f92e4e90b55f5dc110c44d61b61/transformers-5.16.1-py3-none-any.whl", hash = "sha256:2f2d5b98a5ad3718713653734298fa620754ed683702a635ebb587df3ed29c7e", size = 12080592, upload-time = "2026-08-26T14:48:55.083Z" },
]

[[package]]
name = "typer"
version = "0.27.2"
source = { registry = "https://pypi.org/simple" }
dependencies = [
    { name = "annotated-doc" },
    { name = "rich" },
    { name = "shellingham" },
]
sdist = { url = "https://files.pythonhosted.org/packages/16/f7/57713ba479fd405eb76de31404b2c744c289e336b2d999511ebf51e496f7/typer-0.27.2.tar.gz", hash = "sha256:269b7eb9d3c202ca84b4bc9618cb04ebb43d3d4d1e567e4c768607232c05f945", size = 204045, upload-time = "2026-08-28T10:26:55.046Z" }
wheels = [
    { url = "https://files.pythonhosted.org/packages/dc/bf/205d0004930ede8f542fb58f601526fccf4ae7626075ca1e6c4de5d3d652/typer-0.27.2-py3-none-any.whl", hash = "sha256:b3a5fc4342d5fc8fda8fc3010b1cf117e9249aab7fae800c2eff62fd3842d97d", size = 123130, upload-time = "2026-08-28T10:26:53.752Z" },
]

[[package]]
name = "typing-extensions"
version = "4.16.0"
source = { registry = "https://pypi.org/simple" }
sdist = { url = "https://files.pythonhosted.org/packages/f6/cc/6253133b5bb138fc3306cebfbda2c520f545d36b5be2c7255cc528bb45d6/typing_extensions-4.16.0.tar.gz", hash = "sha256:dc983d19a509c94dba722ee6abd33940f7c05a89e243c47e907eb4db6f1a43e5", size = 113555, upload-time = "2026-07-02T08:40:05.92Z" }
wheels = [
    { url = "https://files.pythonhosted.org/packages/49/d3/b8441a820a491ddfc024b0b0cf0393375b75ea13866d9c66727e54c2fc80/typing_extensions-4.16.0-py3-none-any.whl", hash = "sha256:481caa481374e813c1b176ada14e97f1f67a4539ce9cfeb3f350d78d6370c2e8", size = 45571, upload-time = "2026-07-02T08:40:04.659Z" },
]
